// !$*UTF8*$!
{
	archiveVersion = 1;
	classes = {
	};
	objectVersion = 50;
	objects = {

/* Begin PBXBuildFile section */
		AB1602FB265FEE7300647DE2 /* LibraryBookCollectionViewCell.swift in Sources */ = {isa = PBXBuildFile; fileRef = AB1602FA265FEE7300647DE2 /* LibraryBookCollectionViewCell.swift */; };
		AB160301266123C600647DE2 /* Book.swift in Sources */ = {isa = PBXBuildFile; fileRef = AB160300266123C600647DE2 /* Book.swift */; };
		AB1603042661270D00647DE2 /* BooksDataSourse.swift in Sources */ = {isa = PBXBuildFile; fileRef = AB1603032661270D00647DE2 /* BooksDataSourse.swift */; };
		AB1603092661801D00647DE2 /* BookDetailsViewController.swift in Sources */ = {isa = PBXBuildFile; fileRef = AB1603082661801D00647DE2 /* BookDetailsViewController.swift */; };
		AB16030F26627D4000647DE2 /* TabBarController.swift in Sources */ = {isa = PBXBuildFile; fileRef = AB16030E26627D4000647DE2 /* TabBarController.swift */; };
		AB160314266283B600647DE2 /* PlayerView.swift in Sources */ = {isa = PBXBuildFile; fileRef = AB160313266283B600647DE2 /* PlayerView.swift */; };
		AB1603172662850B00647DE2 /* PlayerView.xib in Resources */ = {isa = PBXBuildFile; fileRef = AB1603162662850B00647DE2 /* PlayerView.xib */; };
		AB16031B26628AC100647DE2 /* Player.swift in Sources */ = {isa = PBXBuildFile; fileRef = AB16031A26628AC100647DE2 /* Player.swift */; };
		AB1603232662D37300647DE2 /* TextParser.swift in Sources */ = {isa = PBXBuildFile; fileRef = AB1603222662D37300647DE2 /* TextParser.swift */; };
		AB21D8B72632F0FF009B5E02 /* AppDelegate.swift in Sources */ = {isa = PBXBuildFile; fileRef = AB21D8B62632F0FF009B5E02 /* AppDelegate.swift */; };
		AB21D8B92632F0FF009B5E02 /* SceneDelegate.swift in Sources */ = {isa = PBXBuildFile; fileRef = AB21D8B82632F0FF009B5E02 /* SceneDelegate.swift */; };
		AB21D8BE2632F0FF009B5E02 /* Main.storyboard in Resources */ = {isa = PBXBuildFile; fileRef = AB21D8BC2632F0FF009B5E02 /* Main.storyboard */; };
		AB21D8C02632F100009B5E02 /* Assets.xcassets in Resources */ = {isa = PBXBuildFile; fileRef = AB21D8BF2632F100009B5E02 /* Assets.xcassets */; };
		AB21D8C32632F100009B5E02 /* LaunchScreen.storyboard in Resources */ = {isa = PBXBuildFile; fileRef = AB21D8C12632F100009B5E02 /* LaunchScreen.storyboard */; };
		AB63AB06263C27E500A98A4F /* LibraryStoryboard.storyboard in Resources */ = {isa = PBXBuildFile; fileRef = AB63AB05263C27E500A98A4F /* LibraryStoryboard.storyboard */; };
		AB63AB09263C281B00A98A4F /* ExtrasStoryboard.storyboard in Resources */ = {isa = PBXBuildFile; fileRef = AB63AB08263C281B00A98A4F /* ExtrasStoryboard.storyboard */; };
		AB63AB0C263C285100A98A4F /* BookDetailsStoryboard.storyboard in Resources */ = {isa = PBXBuildFile; fileRef = AB63AB0B263C285100A98A4F /* BookDetailsStoryboard.storyboard */; };
		AB63AB0F263C2AA600A98A4F /* StartPageStoryboard.storyboard in Resources */ = {isa = PBXBuildFile; fileRef = AB63AB0E263C2AA600A98A4F /* StartPageStoryboard.storyboard */; };
		AB71D50C26640FF400799D33 /* TextSpeacker.swift in Sources */ = {isa = PBXBuildFile; fileRef = AB71D50B26640FF400799D33 /* TextSpeacker.swift */; };
		AB82CC2B26666A60008D93D7 /* SettingsPickerView.swift in Sources */ = {isa = PBXBuildFile; fileRef = AB82CC2A26666A60008D93D7 /* SettingsPickerView.swift */; };
		AB82CC332666B5DD008D93D7 /* SettingsPickerViewController.swift in Sources */ = {isa = PBXBuildFile; fileRef = AB82CC322666B5DD008D93D7 /* SettingsPickerViewController.swift */; };
		AB8489A6264E84AB00A17A33 /* Settings.swift in Sources */ = {isa = PBXBuildFile; fileRef = AB8489A5264E84AB00A17A33 /* Settings.swift */; };
		ABB15B242665579E0053FDC1 /* StartPageCollectionViewCell.swift in Sources */ = {isa = PBXBuildFile; fileRef = ABB15B232665579E0053FDC1 /* StartPageCollectionViewCell.swift */; };
		ABFBF755263843BE00F6E54D /* LibraryViewController.swift in Sources */ = {isa = PBXBuildFile; fileRef = ABFBF754263843BE00F6E54D /* LibraryViewController.swift */; };
		ABFBF758263843E800F6E54D /* StartPageController.swift in Sources */ = {isa = PBXBuildFile; fileRef = ABFBF757263843E800F6E54D /* StartPageController.swift */; };
		ABFBF75B2638440C00F6E54D /* ExtrasViewController.swift in Sources */ = {isa = PBXBuildFile; fileRef = ABFBF75A2638440C00F6E54D /* ExtrasViewController.swift */; };
		ABFBF75E2638504200F6E54D /* BookViewController.swift in Sources */ = {isa = PBXBuildFile; fileRef = ABFBF75D2638504200F6E54D /* BookViewController.swift */; };
		ABFBF77D2639CE4B00F6E54D /* AudioToolbox.framework in Frameworks */ = {isa = PBXBuildFile; fileRef = ABFBF77C2639CE4B00F6E54D /* AudioToolbox.framework */; };
/* End PBXBuildFile section */

/* Begin PBXFileReference section */
		AB1602FA265FEE7300647DE2 /* LibraryBookCollectionViewCell.swift */ = {isa = PBXFileReference; lastKnownFileType = sourcecode.swift; path = LibraryBookCollectionViewCell.swift; sourceTree = "<group>"; };
		AB160300266123C600647DE2 /* Book.swift */ = {isa = PBXFileReference; lastKnownFileType = sourcecode.swift; path = Book.swift; sourceTree = "<group>"; };
		AB1603032661270D00647DE2 /* BooksDataSourse.swift */ = {isa = PBXFileReference; lastKnownFileType = sourcecode.swift; path = BooksDataSourse.swift; sourceTree = "<group>"; };
		AB1603082661801D00647DE2 /* BookDetailsViewController.swift */ = {isa = PBXFileReference; lastKnownFileType = sourcecode.swift; path = BookDetailsViewController.swift; sourceTree = "<group>"; };
		AB16030E26627D4000647DE2 /* TabBarController.swift */ = {isa = PBXFileReference; lastKnownFileType = sourcecode.swift; path = TabBarController.swift; sourceTree = "<group>"; };
		AB160313266283B600647DE2 /* PlayerView.swift */ = {isa = PBXFileReference; lastKnownFileType = sourcecode.swift; path = PlayerView.swift; sourceTree = "<group>"; };
		AB1603162662850B00647DE2 /* PlayerView.xib */ = {isa = PBXFileReference; lastKnownFileType = file.xib; path = PlayerView.xib; sourceTree = "<group>"; };
		AB16031A26628AC100647DE2 /* Player.swift */ = {isa = PBXFileReference; lastKnownFileType = sourcecode.swift; path = Player.swift; sourceTree = "<group>"; };
		AB1603222662D37300647DE2 /* TextParser.swift */ = {isa = PBXFileReference; lastKnownFileType = sourcecode.swift; path = TextParser.swift; sourceTree = "<group>"; };
		AB21D8B32632F0FF009B5E02 /* ConvertingTextDataIntoAudioStream.app */ = {isa = PBXFileReference; explicitFileType = wrapper.application; includeInIndex = 0; path = ConvertingTextDataIntoAudioStream.app; sourceTree = BUILT_PRODUCTS_DIR; };
		AB21D8B62632F0FF009B5E02 /* AppDelegate.swift */ = {isa = PBXFileReference; lastKnownFileType = sourcecode.swift; path = AppDelegate.swift; sourceTree = "<group>"; };
		AB21D8B82632F0FF009B5E02 /* SceneDelegate.swift */ = {isa = PBXFileReference; lastKnownFileType = sourcecode.swift; path = SceneDelegate.swift; sourceTree = "<group>"; };
		AB21D8BD2632F0FF009B5E02 /* Base */ = {isa = PBXFileReference; lastKnownFileType = file.storyboard; name = Base; path = Base.lproj/Main.storyboard; sourceTree = "<group>"; };
		AB21D8BF2632F100009B5E02 /* Assets.xcassets */ = {isa = PBXFileReference; lastKnownFileType = folder.assetcatalog; path = Assets.xcassets; sourceTree = "<group>"; };
		AB21D8C22632F100009B5E02 /* Base */ = {isa = PBXFileReference; lastKnownFileType = file.storyboard; name = Base; path = Base.lproj/LaunchScreen.storyboard; sourceTree = "<group>"; };
		AB21D8C42632F100009B5E02 /* Info.plist */ = {isa = PBXFileReference; lastKnownFileType = text.plist.xml; path = Info.plist; sourceTree = "<group>"; };
		AB63AB05263C27E500A98A4F /* LibraryStoryboard.storyboard */ = {isa = PBXFileReference; lastKnownFileType = file.storyboard; path = LibraryStoryboard.storyboard; sourceTree = "<group>"; };
		AB63AB08263C281B00A98A4F /* ExtrasStoryboard.storyboard */ = {isa = PBXFileReference; lastKnownFileType = file.storyboard; path = ExtrasStoryboard.storyboard; sourceTree = "<group>"; };
		AB63AB0B263C285100A98A4F /* BookDetailsStoryboard.storyboard */ = {isa = PBXFileReference; lastKnownFileType = file.storyboard; path = BookDetailsStoryboard.storyboard; sourceTree = "<group>"; };
		AB63AB0E263C2AA600A98A4F /* StartPageStoryboard.storyboard */ = {isa = PBXFileReference; lastKnownFileType = file.storyboard; path = StartPageStoryboard.storyboard; sourceTree = "<group>"; };
		AB71D50B26640FF400799D33 /* TextSpeacker.swift */ = {isa = PBXFileReference; lastKnownFileType = sourcecode.swift; path = TextSpeacker.swift; sourceTree = "<group>"; };
		AB82CC2A26666A60008D93D7 /* SettingsPickerView.swift */ = {isa = PBXFileReference; lastKnownFileType = sourcecode.swift; path = SettingsPickerView.swift; sourceTree = "<group>"; };
		AB82CC322666B5DD008D93D7 /* SettingsPickerViewController.swift */ = {isa = PBXFileReference; lastKnownFileType = sourcecode.swift; path = SettingsPickerViewController.swift; sourceTree = "<group>"; };
		AB8489A5264E84AB00A17A33 /* Settings.swift */ = {isa = PBXFileReference; lastKnownFileType = sourcecode.swift; path = Settings.swift; sourceTree = "<group>"; };
		ABB15B232665579E0053FDC1 /* StartPageCollectionViewCell.swift */ = {isa = PBXFileReference; lastKnownFileType = sourcecode.swift; path = StartPageCollectionViewCell.swift; sourceTree = "<group>"; };
		ABFBF754263843BE00F6E54D /* LibraryViewController.swift */ = {isa = PBXFileReference; lastKnownFileType = sourcecode.swift; path = LibraryViewController.swift; sourceTree = "<group>"; };
		ABFBF757263843E800F6E54D /* StartPageController.swift */ = {isa = PBXFileReference; lastKnownFileType = sourcecode.swift; path = StartPageController.swift; sourceTree = "<group>"; };
		ABFBF75A2638440C00F6E54D /* ExtrasViewController.swift */ = {isa = PBXFileReference; lastKnownFileType = sourcecode.swift; path = ExtrasViewController.swift; sourceTree = "<group>"; };
		ABFBF75D2638504200F6E54D /* BookViewController.swift */ = {isa = PBXFileReference; lastKnownFileType = sourcecode.swift; path = BookViewController.swift; sourceTree = "<group>"; };
		ABFBF77C2639CE4B00F6E54D /* AudioToolbox.framework */ = {isa = PBXFileReference; lastKnownFileType = wrapper.framework; name = AudioToolbox.framework; path = System/Library/Frameworks/AudioToolbox.framework; sourceTree = SDKROOT; };
/* End PBXFileReference section */

/* Begin PBXFrameworksBuildPhase section */
		AB21D8B02632F0FF009B5E02 /* Frameworks */ = {
			isa = PBXFrameworksBuildPhase;
			buildActionMask = 2147483647;
			files = (
				ABFBF77D2639CE4B00F6E54D /* AudioToolbox.framework in Frameworks */,
			);
			runOnlyForDeploymentPostprocessing = 0;
		};
/* End PBXFrameworksBuildPhase section */

/* Begin PBXGroup section */
		AB21D8AA2632F0FF009B5E02 = {
			isa = PBXGroup;
			children = (
				AB21D8B52632F0FF009B5E02 /* ConvertingTextDataIntoAudioStream */,
				AB21D8B42632F0FF009B5E02 /* Products */,
				ABFBF77B2639CE4B00F6E54D /* Frameworks */,
			);
			sourceTree = "<group>";
		};
		AB21D8B42632F0FF009B5E02 /* Products */ = {
			isa = PBXGroup;
			children = (
				AB21D8B32632F0FF009B5E02 /* ConvertingTextDataIntoAudioStream.app */,
			);
			name = Products;
			sourceTree = "<group>";
		};
		AB21D8B52632F0FF009B5E02 /* ConvertingTextDataIntoAudioStream */ = {
			isa = PBXGroup;
			children = (
				AB63AB04263C279A00A98A4F /* UI */,
				AB21D8CD2632F306009B5E02 /* Models */,
				AB21D8CB2632F1D5009B5E02 /* Suporting files */,
				AB21D8B82632F0FF009B5E02 /* SceneDelegate.swift */,
				AB21D8C42632F100009B5E02 /* Info.plist */,
			);
			path = ConvertingTextDataIntoAudioStream;
			sourceTree = "<group>";
		};
		AB21D8CB2632F1D5009B5E02 /* Suporting files */ = {
			isa = PBXGroup;
			children = (
				AB21D8BF2632F100009B5E02 /* Assets.xcassets */,
				AB21D8C12632F100009B5E02 /* LaunchScreen.storyboard */,
				AB21D8B62632F0FF009B5E02 /* AppDelegate.swift */,
			);
			path = "Suporting files";
			sourceTree = "<group>";
		};
		AB21D8CD2632F306009B5E02 /* Models */ = {
			isa = PBXGroup;
			children = (
				AB16031A26628AC100647DE2 /* Player.swift */,
				AB71D50B26640FF400799D33 /* TextSpeacker.swift */,
				AB160300266123C600647DE2 /* Book.swift */,
				AB1603032661270D00647DE2 /* BooksDataSourse.swift */,
				AB8489A5264E84AB00A17A33 /* Settings.swift */,
				AB1603222662D37300647DE2 /* TextParser.swift */,
			);
			path = Models;
			sourceTree = "<group>";
		};
		AB63AB04263C279A00A98A4F /* UI */ = {
			isa = PBXGroup;
			children = (
				AB71D5142664F6C300799D33 /* TabBar */,
				AB71D5132664F63F00799D33 /* Player */,
				AB8489952641676D00A17A33 /* StartPage */,
				AB8489942641675200A17A33 /* Extras */,
				AB8489932641673300A17A33 /* BookView */,
				AB8489922641671300A17A33 /* Library */,
			);
			path = UI;
			sourceTree = "<group>";
		};
		AB71D5132664F63F00799D33 /* Player */ = {
			isa = PBXGroup;
			children = (
				AB160313266283B600647DE2 /* PlayerView.swift */,
				AB1603162662850B00647DE2 /* PlayerView.xib */,
			);
			path = Player;
			sourceTree = "<group>";
		};
		AB71D5142664F6C300799D33 /* TabBar */ = {
			isa = PBXGroup;
			children = (
				AB21D8BC2632F0FF009B5E02 /* Main.storyboard */,
				AB16030E26627D4000647DE2 /* TabBarController.swift */,
			);
			path = TabBar;
			sourceTree = "<group>";
		};
		AB8489922641671300A17A33 /* Library */ = {
			isa = PBXGroup;
			children = (
				ABFBF754263843BE00F6E54D /* LibraryViewController.swift */,
				AB1602FA265FEE7300647DE2 /* LibraryBookCollectionViewCell.swift */,
				AB63AB05263C27E500A98A4F /* LibraryStoryboard.storyboard */,
			);
			path = Library;
			sourceTree = "<group>";
		};
		AB8489932641673300A17A33 /* BookView */ = {
			isa = PBXGroup;
			children = (
				ABFBF75D2638504200F6E54D /* BookViewController.swift */,
				AB1603082661801D00647DE2 /* BookDetailsViewController.swift */,
				AB63AB0B263C285100A98A4F /* BookDetailsStoryboard.storyboard */,
			);
			path = BookView;
			sourceTree = "<group>";
		};
		AB8489942641675200A17A33 /* Extras */ = {
			isa = PBXGroup;
			children = (
				ABFBF75A2638440C00F6E54D /* ExtrasViewController.swift */,
				AB63AB08263C281B00A98A4F /* ExtrasStoryboard.storyboard */,
				AB82CC322666B5DD008D93D7 /* SettingsPickerViewController.swift */,
				AB82CC2A26666A60008D93D7 /* SettingsPickerView.swift */,
			);
			path = Extras;
			sourceTree = "<group>";
		};
		AB8489952641676D00A17A33 /* StartPage */ = {
			isa = PBXGroup;
			children = (
				ABFBF757263843E800F6E54D /* StartPageController.swift */,
				ABB15B232665579E0053FDC1 /* StartPageCollectionViewCell.swift */,
				AB63AB0E263C2AA600A98A4F /* StartPageStoryboard.storyboard */,
			);
			path = StartPage;
			sourceTree = "<group>";
		};
		ABFBF77B2639CE4B00F6E54D /* Frameworks */ = {
			isa = PBXGroup;
			children = (
				ABFBF77C2639CE4B00F6E54D /* AudioToolbox.framework */,
			);
			name = Frameworks;
			sourceTree = "<group>";
		};
/* End PBXGroup section */

/* Begin PBXNativeTarget section */
		AB21D8B22632F0FF009B5E02 /* ConvertingTextDataIntoAudioStream */ = {
			isa = PBXNativeTarget;
			buildConfigurationList = AB21D8C72632F100009B5E02 /* Build configuration list for PBXNativeTarget "ConvertingTextDataIntoAudioStream" */;
			buildPhases = (
				AB21D8AF2632F0FF009B5E02 /* Sources */,
				AB21D8B02632F0FF009B5E02 /* Frameworks */,
				AB21D8B12632F0FF009B5E02 /* Resources */,
			);
			buildRules = (
			);
			dependencies = (
			);
			name = ConvertingTextDataIntoAudioStream;
			packageProductDependencies = (
			);
			productName = ConvertingTextDataIntoAudioStream;
			productReference = AB21D8B32632F0FF009B5E02 /* ConvertingTextDataIntoAudioStream.app */;
			productType = "com.apple.product-type.application";
		};
/* End PBXNativeTarget section */

/* Begin PBXProject section */
		AB21D8AB2632F0FF009B5E02 /* Project object */ = {
			isa = PBXProject;
			attributes = {
				LastSwiftUpdateCheck = 1240;
				LastUpgradeCheck = 1240;
				TargetAttributes = {
					AB21D8B22632F0FF009B5E02 = {
						CreatedOnToolsVersion = 12.4;
					};
				};
			};
			buildConfigurationList = AB21D8AE2632F0FF009B5E02 /* Build configuration list for PBXProject "ConvertingTextDataIntoAudioStream" */;
			compatibilityVersion = "Xcode 9.3";
			developmentRegion = en;
			hasScannedForEncodings = 0;
			knownRegions = (
				en,
				Base,
			);
			mainGroup = AB21D8AA2632F0FF009B5E02;
			packageReferences = (
			);
			productRefGroup = AB21D8B42632F0FF009B5E02 /* Products */;
			projectDirPath = "";
			projectRoot = "";
			targets = (
				AB21D8B22632F0FF009B5E02 /* ConvertingTextDataIntoAudioStream */,
			);
		};
/* End PBXProject section */

/* Begin PBXResourcesBuildPhase section */
		AB21D8B12632F0FF009B5E02 /* Resources */ = {
			isa = PBXResourcesBuildPhase;
			buildActionMask = 2147483647;
			files = (
				AB21D8C32632F100009B5E02 /* LaunchScreen.storyboard in Resources */,
				AB63AB09263C281B00A98A4F /* ExtrasStoryboard.storyboard in Resources */,
				AB63AB0C263C285100A98A4F /* BookDetailsStoryboard.storyboard in Resources */,
				AB63AB06263C27E500A98A4F /* LibraryStoryboard.storyboard in Resources */,
				AB63AB0F263C2AA600A98A4F /* StartPageStoryboard.storyboard in Resources */,
				AB21D8C02632F100009B5E02 /* Assets.xcassets in Resources */,
				AB1603172662850B00647DE2 /* PlayerView.xib in Resources */,
				AB21D8BE2632F0FF009B5E02 /* Main.storyboard in Resources */,
			);
			runOnlyForDeploymentPostprocessing = 0;
		};
/* End PBXResourcesBuildPhase section */

/* Begin PBXSourcesBuildPhase section */
		AB21D8AF2632F0FF009B5E02 /* Sources */ = {
			isa = PBXSourcesBuildPhase;
			buildActionMask = 2147483647;
			files = (
				AB21D8B72632F0FF009B5E02 /* AppDelegate.swift in Sources */,
				AB1603232662D37300647DE2 /* TextParser.swift in Sources */,
				AB16030F26627D4000647DE2 /* TabBarController.swift in Sources */,
				AB82CC2B26666A60008D93D7 /* SettingsPickerView.swift in Sources */,
				AB1603042661270D00647DE2 /* BooksDataSourse.swift in Sources */,
				AB8489A6264E84AB00A17A33 /* Settings.swift in Sources */,
				ABFBF75B2638440C00F6E54D /* ExtrasViewController.swift in Sources */,
				AB1603092661801D00647DE2 /* BookDetailsViewController.swift in Sources */,
				ABFBF758263843E800F6E54D /* StartPageController.swift in Sources */,
				AB21D8B92632F0FF009B5E02 /* SceneDelegate.swift in Sources */,
				ABFBF75E2638504200F6E54D /* BookViewController.swift in Sources */,
				AB1602FB265FEE7300647DE2 /* LibraryBookCollectionViewCell.swift in Sources */,
				AB160301266123C600647DE2 /* Book.swift in Sources */,
				ABFBF755263843BE00F6E54D /* LibraryViewController.swift in Sources */,
				AB71D50C26640FF400799D33 /* TextSpeacker.swift in Sources */,
				AB82CC332666B5DD008D93D7 /* SettingsPickerViewController.swift in Sources */,
				AB16031B26628AC100647DE2 /* Player.swift in Sources */,
				AB160314266283B600647DE2 /* PlayerView.swift in Sources */,
				ABB15B242665579E0053FDC1 /* StartPageCollectionViewCell.swift in Sources */,
			);
			runOnlyForDeploymentPostprocessing = 0;
		};
/* End PBXSourcesBuildPhase section */

/* Begin PBXVariantGroup section */
		AB21D8BC2632F0FF009B5E02 /* Main.storyboard */ = {
			isa = PBXVariantGroup;
			children = (
				AB21D8BD2632F0FF009B5E02 /* Base */,
			);
			name = Main.storyboard;
			sourceTree = "<group>";
		};
		AB21D8C12632F100009B5E02 /* LaunchScreen.storyboard */ = {
			isa = PBXVariantGroup;
			children = (
				AB21D8C22632F100009B5E02 /* Base */,
			);
			name = LaunchScreen.storyboard;
			sourceTree = "<group>";
		};
/* End PBXVariantGroup section */

/* Begin XCBuildConfiguration section */
		AB21D8C52632F100009B5E02 /* Debug */ = {
			isa = XCBuildConfiguration;
			buildSettings = {
				ALWAYS_SEARCH_USER_PATHS = NO;
				CLANG_ANALYZER_NONNULL = YES;
				CLANG_ANALYZER_NUMBER_OBJECT_CONVERSION = YES_AGGRESSIVE;
				CLANG_CXX_LANGUAGE_STANDARD = "gnu++14";
				CLANG_CXX_LIBRARY = "libc++";
				CLANG_ENABLE_MODULES = YES;
				CLANG_ENABLE_OBJC_ARC = YES;
				CLANG_ENABLE_OBJC_WEAK = YES;
				CLANG_WARN_BLOCK_CAPTURE_AUTORELEASING = YES;
				CLANG_WARN_BOOL_CONVERSION = YES;
				CLANG_WARN_COMMA = YES;
				CLANG_WARN_CONSTANT_CONVERSION = YES;
				CLANG_WARN_DEPRECATED_OBJC_IMPLEMENTATIONS = YES;
				CLANG_WARN_DIRECT_OBJC_ISA_USAGE = YES_ERROR;
				CLANG_WARN_DOCUMENTATION_COMMENTS = YES;
				CLANG_WARN_EMPTY_BODY = YES;
				CLANG_WARN_ENUM_CONVERSION = YES;
				CLANG_WARN_INFINITE_RECURSION = YES;
				CLANG_WARN_INT_CONVERSION = YES;
				CLANG_WARN_NON_LITERAL_NULL_CONVERSION = YES;
				CLANG_WARN_OBJC_IMPLICIT_RETAIN_SELF = YES;
				CLANG_WARN_OBJC_LITERAL_CONVERSION = YES;
				CLANG_WARN_OBJC_ROOT_CLASS = YES_ERROR;
				CLANG_WARN_QUOTED_INCLUDE_IN_FRAMEWORK_HEADER = YES;
				CLANG_WARN_RANGE_LOOP_ANALYSIS = YES;
				CLANG_WARN_STRICT_PROTOTYPES = YES;
				CLANG_WARN_SUSPICIOUS_MOVE = YES;
				CLANG_WARN_UNGUARDED_AVAILABILITY = YES_AGGRESSIVE;
				CLANG_WARN_UNREACHABLE_CODE = YES;
				CLANG_WARN__DUPLICATE_METHOD_MATCH = YES;
				COPY_PHASE_STRIP = NO;
				DEBUG_INFORMATION_FORMAT = dwarf;
				ENABLE_STRICT_OBJC_MSGSEND = YES;
				ENABLE_TESTABILITY = YES;
				GCC_C_LANGUAGE_STANDARD = gnu11;
				GCC_DYNAMIC_NO_PIC = NO;
				GCC_NO_COMMON_BLOCKS = YES;
				GCC_OPTIMIZATION_LEVEL = 0;
				GCC_PREPROCESSOR_DEFINITIONS = (
					"DEBUG=1",
					"$(inherited)",
				);
				GCC_WARN_64_TO_32_BIT_CONVERSION = YES;
				GCC_WARN_ABOUT_RETURN_TYPE = YES_ERROR;
				GCC_WARN_UNDECLARED_SELECTOR = YES;
				GCC_WARN_UNINITIALIZED_AUTOS = YES_AGGRESSIVE;
				GCC_WARN_UNUSED_FUNCTION = YES;
				GCC_WARN_UNUSED_VARIABLE = YES;
				IPHONEOS_DEPLOYMENT_TARGET = 14.4;
				MTL_ENABLE_DEBUG_INFO = INCLUDE_SOURCE;
				MTL_FAST_MATH = YES;
				ONLY_ACTIVE_ARCH = YES;
				SDKROOT = iphoneos;
				SWIFT_ACTIVE_COMPILATION_CONDITIONS = DEBUG;
				SWIFT_OPTIMIZATION_LEVEL = "-Onone";
			};
			name = Debug;
		};
		AB21D8C62632F100009B5E02 /* Release */ = {
			isa = XCBuildConfiguration;
			buildSettings = {
				ALWAYS_SEARCH_USER_PATHS = NO;
				CLANG_ANALYZER_NONNULL = YES;
				CLANG_ANALYZER_NUMBER_OBJECT_CONVERSION = YES_AGGRESSIVE;
				CLANG_CXX_LANGUAGE_STANDARD = "gnu++14";
				CLANG_CXX_LIBRARY = "libc++";
				CLANG_ENABLE_MODULES = YES;
				CLANG_ENABLE_OBJC_ARC = YES;
				CLANG_ENABLE_OBJC_WEAK = YES;
				CLANG_WARN_BLOCK_CAPTURE_AUTORELEASING = YES;
				CLANG_WARN_BOOL_CONVERSION = YES;
				CLANG_WARN_COMMA = YES;
				CLANG_WARN_CONSTANT_CONVERSION = YES;
				CLANG_WARN_DEPRECATED_OBJC_IMPLEMENTATIONS = YES;
				CLANG_WARN_DIRECT_OBJC_ISA_USAGE = YES_ERROR;
				CLANG_WARN_DOCUMENTATION_COMMENTS = YES;
				CLANG_WARN_EMPTY_BODY = YES;
				CLANG_WARN_ENUM_CONVERSION = YES;
				CLANG_WARN_INFINITE_RECURSION = YES;
				CLANG_WARN_INT_CONVERSION = YES;
				CLANG_WARN_NON_LITERAL_NULL_CONVERSION = YES;
				CLANG_WARN_OBJC_IMPLICIT_RETAIN_SELF = YES;
				CLANG_WARN_OBJC_LITERAL_CONVERSION = YES;
				CLANG_WARN_OBJC_ROOT_CLASS = YES_ERROR;
				CLANG_WARN_QUOTED_INCLUDE_IN_FRAMEWORK_HEADER = YES;
				CLANG_WARN_RANGE_LOOP_ANALYSIS = YES;
				CLANG_WARN_STRICT_PROTOTYPES = YES;
				CLANG_WARN_SUSPICIOUS_MOVE = YES;
				CLANG_WARN_UNGUARDED_AVAILABILITY = YES_AGGRESSIVE;
				CLANG_WARN_UNREACHABLE_CODE = YES;
				CLANG_WARN__DUPLICATE_METHOD_MATCH = YES;
				COPY_PHASE_STRIP = NO;
				DEBUG_INFORMATION_FORMAT = "dwarf-with-dsym";
				ENABLE_NS_ASSERTIONS = NO;
				ENABLE_STRICT_OBJC_MSGSEND = YES;
				GCC_C_LANGUAGE_STANDARD = gnu11;
				GCC_NO_COMMON_BLOCKS = YES;
				GCC_WARN_64_TO_32_BIT_CONVERSION = YES;
				GCC_WARN_ABOUT_RETURN_TYPE = YES_ERROR;
				GCC_WARN_UNDECLARED_SELECTOR = YES;
				GCC_WARN_UNINITIALIZED_AUTOS = YES_AGGRESSIVE;
				GCC_WARN_UNUSED_FUNCTION = YES;
				GCC_WARN_UNUSED_VARIABLE = YES;
				IPHONEOS_DEPLOYMENT_TARGET = 14.4;
				MTL_ENABLE_DEBUG_INFO = NO;
				MTL_FAST_MATH = YES;
				SDKROOT = iphoneos;
				SWIFT_COMPILATION_MODE = wholemodule;
				SWIFT_OPTIMIZATION_LEVEL = "-O";
				VALIDATE_PRODUCT = YES;
			};
			name = Release;
		};
		AB21D8C82632F100009B5E02 /* Debug */ = {
			isa = XCBuildConfiguration;
			buildSettings = {
				ASSETCATALOG_COMPILER_APPICON_NAME = AppIcon;
				ASSETCATALOG_COMPILER_GLOBAL_ACCENT_COLOR_NAME = AccentColor;
				CODE_SIGN_ENTITLEMENTS = ConvertingTextDataIntoAudioStream/ConvertingTextDataIntoAudioStream.entitlements;
				CODE_SIGN_IDENTITY = "Apple Development";
				CODE_SIGN_STYLE = Automatic;
				DEVELOPMENT_TEAM = D7BF3SY5ZC;
				INFOPLIST_FILE = ConvertingTextDataIntoAudioStream/Info.plist;
				LD_RUNPATH_SEARCH_PATHS = (
					"$(inherited)",
					"@executable_path/Frameworks",
				);
				PRODUCT_BUNDLE_IDENTIFIER = me.ConvertingTextDataIntoAudioStream;
				PRODUCT_NAME = "$(TARGET_NAME)";
				PROVISIONING_PROFILE_SPECIFIER = "";
				SWIFT_VERSION = 5.0;
				TARGETED_DEVICE_FAMILY = "1,2";
			};
			name = Debug;
		};
		AB21D8C92632F100009B5E02 /* Release */ = {
			isa = XCBuildConfiguration;
			buildSettings = {
				ASSETCATALOG_COMPILER_APPICON_NAME = AppIcon;
				ASSETCATALOG_COMPILER_GLOBAL_ACCENT_COLOR_NAME = AccentColor;
				CODE_SIGN_ENTITLEMENTS = ConvertingTextDataIntoAudioStream/ConvertingTextDataIntoAudioStream.entitlements;
				CODE_SIGN_IDENTITY = "Apple Development";
				CODE_SIGN_STYLE = Automatic;
				DEVELOPMENT_TEAM = D7BF3SY5ZC;
				INFOPLIST_FILE = ConvertingTextDataIntoAudioStream/Info.plist;
				LD_RUNPATH_SEARCH_PATHS = (
					"$(inherited)",
					"@executable_path/Frameworks",
				);
				PRODUCT_BUNDLE_IDENTIFIER = me.ConvertingTextDataIntoAudioStream;
				PRODUCT_NAME = "$(TARGET_NAME)";
				PROVISIONING_PROFILE_SPECIFIER = "";
				SWIFT_VERSION = 5.0;
				TARGETED_DEVICE_FAMILY = "1,2";
			};
			name = Release;
		};
/* End XCBuildConfiguration section */

/* Begin XCConfigurationList section */
		AB21D8AE2632F0FF009B5E02 /* Build configuration list for PBXProject "ConvertingTextDataIntoAudioStream" */ = {
			isa = XCConfigurationList;
			buildConfigurations = (
				AB21D8C52632F100009B5E02 /* Debug */,
				AB21D8C62632F100009B5E02 /* Release */,
			);
			defaultConfigurationIsVisible = 0;
			defaultConfigurationName = Release;
		};
		AB21D8C72632F100009B5E02 /* Build configuration list for PBXNativeTarget "ConvertingTextDataIntoAudioStream" */ = {
			isa = XCConfigurationList;
			buildConfigurations = (
				AB21D8C82632F100009B5E02 /* Debug */,
				AB21D8C92632F100009B5E02 /* Release */,
			);
			defaultConfigurationIsVisible = 0;
			defaultConfigurationName = Release;
		};
/* End XCConfigurationList section */
	};
	rootObject = AB21D8AB2632F0FF009B5E02 /* Project object */;
}
